
Microsoft Visual Studio Solution File, Format Version 12.00
# Visual Studio 14
VisualStudioVersion = 14.0.25420.1
MinimumVisualStudioVersion = 10.0.40219.1
Project("{159641D6-6404-4A2A-AE62-294DE0FE8301}") = "ProyectoDtsxMedallia", "ProyectoDtsxMedallia\ProyectoDtsxMedallia.dtproj", "{C845312C-191D-4B67-BA95-8DF34D77A471}"
EndProject
Global
	GlobalSection(SolutionConfigurationPlatforms) = preSolution
		Development|Default = Development|Default
	EndGlobalSection
	GlobalSection(ProjectConfigurationPlatforms) = postSolution
		{C845312C-191D-4B67-BA95-8DF34D77A471}.Development|Default.ActiveCfg = Development
		{C845312C-191D-4B67-BA95-8DF34D77A471}.Development|Default.Build.0 = Development
	EndGlobalSection
	GlobalSection(SolutionProperties) = preSolution
		HideSolutionNode = FALSE
	EndGlobalSection
EndGlobal
